# THIS IS AN AUTOGENERATED FILE. DO NOT EDIT THIS FILE DIRECTLY.
# yarn lockfile v1


humanize-duration@^3.20.1:
  version "3.20.1"
  resolved "https://registry.yarnpkg.com/humanize-duration/-/humanize-duration-3.20.1.tgz#e5edf1edcd32ac1e97e71e0e97f02533f664dc45"
  integrity sha512-r2FR5Tkwo482oDmoutbX22KLzmz83UlWD8KgfQuM+EvxxDS10m2tRgHsKU+M6nFxaDU72YCKmLKi3lYB0CPMnw==
